
Microsoft Visual Studio Solution File, Format Version 12.00
# Visual Studio Version 17
VisualStudioVersion = 17.4.33205.214
MinimumVisualStudioVersion = 10.0.40219.1
Project("{2150E333-8FDC-42A3-9474-1A3956D46DE8}") = "Console", "Console", "{44EFFADE-3E86-490B-A2DE-4868B3BF7974}"
EndProject
Project("{2150E333-8FDC-42A3-9474-1A3956D46DE8}") = "WebSite", "WebSite", "{8C834FE6-0EDF-47E6-BAC0-DE0F6F0B97A4}"
EndProject
Project("{2150E333-8FDC-42A3-9474-1A3956D46DE8}") = "WebOne", "WebOne", "{220C6196-6AB4-47A3-9FC7-D476F1AEBC6F}"
EndProject
Project("{9A19103F-16F7-4668-BE54-9A1E7A4F7556}") = "WhaeverAplic", "WhaeverAplic\WhaeverAplic.csproj", "{3CC2E84C-D63D-4C37-BD4A-0CDEC1BFA8D2}"
EndProject
Project("{FAE04EC0-301F-11D3-BF4B-00C04F79EFBC}") = "CsharOrientadoAObjetos", "CsharOrientadoAObjetos\CsharOrientadoAObjetos.csproj", "{EE9AA129-04D2-4A51-82B3-B30891F9F1FC}"
EndProject
Global
	GlobalSection(SolutionConfigurationPlatforms) = preSolution
		Debug|Any CPU = Debug|Any CPU
		Release|Any CPU = Release|Any CPU
	EndGlobalSection
	GlobalSection(ProjectConfigurationPlatforms) = postSolution
		{3CC2E84C-D63D-4C37-BD4A-0CDEC1BFA8D2}.Debug|Any CPU.ActiveCfg = Debug|Any CPU
		{3CC2E84C-D63D-4C37-BD4A-0CDEC1BFA8D2}.Debug|Any CPU.Build.0 = Debug|Any CPU
		{3CC2E84C-D63D-4C37-BD4A-0CDEC1BFA8D2}.Release|Any CPU.ActiveCfg = Release|Any CPU
		{3CC2E84C-D63D-4C37-BD4A-0CDEC1BFA8D2}.Release|Any CPU.Build.0 = Release|Any CPU
		{EE9AA129-04D2-4A51-82B3-B30891F9F1FC}.Debug|Any CPU.ActiveCfg = Debug|Any CPU
		{EE9AA129-04D2-4A51-82B3-B30891F9F1FC}.Debug|Any CPU.Build.0 = Debug|Any CPU
		{EE9AA129-04D2-4A51-82B3-B30891F9F1FC}.Release|Any CPU.ActiveCfg = Release|Any CPU
		{EE9AA129-04D2-4A51-82B3-B30891F9F1FC}.Release|Any CPU.Build.0 = Release|Any CPU
	EndGlobalSection
	GlobalSection(SolutionProperties) = preSolution
		HideSolutionNode = FALSE
	EndGlobalSection
	GlobalSection(NestedProjects) = preSolution
		{220C6196-6AB4-47A3-9FC7-D476F1AEBC6F} = {8C834FE6-0EDF-47E6-BAC0-DE0F6F0B97A4}
		{3CC2E84C-D63D-4C37-BD4A-0CDEC1BFA8D2} = {220C6196-6AB4-47A3-9FC7-D476F1AEBC6F}
		{EE9AA129-04D2-4A51-82B3-B30891F9F1FC} = {44EFFADE-3E86-490B-A2DE-4868B3BF7974}
	EndGlobalSection
	GlobalSection(ExtensibilityGlobals) = postSolution
		SolutionGuid = {2B672AE6-1B65-4A13-9E11-668DEA926E41}
	EndGlobalSection
EndGlobal
